// !$*UTF8*$!
{
	archiveVersion = 1;
	classes = {
	};
	objectVersion = 50;
	objects = {

/* Begin PBXBuildFile section */
		2376FD762475C2DE00998B5C /* WorkoutViewController.swift in Sources */ = {isa = PBXBuildFile; fileRef = 2376FD752475C2DE00998B5C /* WorkoutViewController.swift */; };
		2376FD782475C2F500998B5C /* WorkoutPresenter.swift in Sources */ = {isa = PBXBuildFile; fileRef = 2376FD772475C2F500998B5C /* WorkoutPresenter.swift */; };
		2376FD7A2475C31800998B5C /* WorkoutModel.swift in Sources */ = {isa = PBXBuildFile; fileRef = 2376FD792475C31800998B5C /* WorkoutModel.swift */; };
		2386E5DC24756E7A007E3CE4 /* HomeTableViewCell.swift in Sources */ = {isa = PBXBuildFile; fileRef = 2386E5DA24756E7A007E3CE4 /* HomeTableViewCell.swift */; };
		2386E5DD24756E7A007E3CE4 /* HomeTableViewCell.xib in Resources */ = {isa = PBXBuildFile; fileRef = 2386E5DB24756E7A007E3CE4 /* HomeTableViewCell.xib */; };
		23AD108924745A0F00878782 /* AppDelegate.swift in Sources */ = {isa = PBXBuildFile; fileRef = 23AD108824745A0F00878782 /* AppDelegate.swift */; };
		23AD108B24745A0F00878782 /* SceneDelegate.swift in Sources */ = {isa = PBXBuildFile; fileRef = 23AD108A24745A0F00878782 /* SceneDelegate.swift */; };
		23AD109024745A0F00878782 /* Main.storyboard in Resources */ = {isa = PBXBuildFile; fileRef = 23AD108E24745A0F00878782 /* Main.storyboard */; };
		23AD109324745A0F00878782 /* MVPSportNote.xcdatamodeld in Sources */ = {isa = PBXBuildFile; fileRef = 23AD109124745A0F00878782 /* MVPSportNote.xcdatamodeld */; };
		23AD109524745A1000878782 /* Assets.xcassets in Resources */ = {isa = PBXBuildFile; fileRef = 23AD109424745A1000878782 /* Assets.xcassets */; };
		23AD109824745A1000878782 /* LaunchScreen.storyboard in Resources */ = {isa = PBXBuildFile; fileRef = 23AD109624745A1000878782 /* LaunchScreen.storyboard */; };
		23AD10A124745C1400878782 /* HomePresenter.swift in Sources */ = {isa = PBXBuildFile; fileRef = 23AD10A024745C1400878782 /* HomePresenter.swift */; };
		23AD10A324745C2700878782 /* HomeViewController.swift in Sources */ = {isa = PBXBuildFile; fileRef = 23AD10A224745C2700878782 /* HomeViewController.swift */; };
		23AD10A524745CAB00878782 /* HomeModel.swift in Sources */ = {isa = PBXBuildFile; fileRef = 23AD10A424745CAB00878782 /* HomeModel.swift */; };
		23E461EB2476932F00340C5F /* WorkoutTableViewCell.swift in Sources */ = {isa = PBXBuildFile; fileRef = 23E461E92476932F00340C5F /* WorkoutTableViewCell.swift */; };
		23E461EC2476932F00340C5F /* WorkoutTableViewCell.xib in Resources */ = {isa = PBXBuildFile; fileRef = 23E461EA2476932F00340C5F /* WorkoutTableViewCell.xib */; };
		23E461EF2476A13D00340C5F /* WorkoutHeaderTableViewCell.swift in Sources */ = {isa = PBXBuildFile; fileRef = 23E461ED2476A13D00340C5F /* WorkoutHeaderTableViewCell.swift */; };
		23E461F02476A13D00340C5F /* WorkoutHeaderTableViewCell.xib in Resources */ = {isa = PBXBuildFile; fileRef = 23E461EE2476A13D00340C5F /* WorkoutHeaderTableViewCell.xib */; };
		23E461F32476E36400340C5F /* NewExerciseViewController.swift in Sources */ = {isa = PBXBuildFile; fileRef = 23E461F22476E36400340C5F /* NewExerciseViewController.swift */; };
		23E461F52476E37A00340C5F /* NewExercisePresenter.swift in Sources */ = {isa = PBXBuildFile; fileRef = 23E461F42476E37A00340C5F /* NewExercisePresenter.swift */; };
		23E461F72476E38900340C5F /* NewExerciseModel.swift in Sources */ = {isa = PBXBuildFile; fileRef = 23E461F62476E38900340C5F /* NewExerciseModel.swift */; };
		23E461FA2476F63600340C5F /* NewUnitViewController.swift in Sources */ = {isa = PBXBuildFile; fileRef = 23E461F92476F63600340C5F /* NewUnitViewController.swift */; };
		23E461FC2476F65000340C5F /* NewUnitPresenter.swift in Sources */ = {isa = PBXBuildFile; fileRef = 23E461FB2476F65000340C5F /* NewUnitPresenter.swift */; };
		23E461FE2476F66500340C5F /* NewUnitModel.swift in Sources */ = {isa = PBXBuildFile; fileRef = 23E461FD2476F66500340C5F /* NewUnitModel.swift */; };
/* End PBXBuildFile section */

/* Begin PBXFileReference section */
		2376FD752475C2DE00998B5C /* WorkoutViewController.swift */ = {isa = PBXFileReference; lastKnownFileType = sourcecode.swift; path = WorkoutViewController.swift; sourceTree = "<group>"; };
		2376FD772475C2F500998B5C /* WorkoutPresenter.swift */ = {isa = PBXFileReference; lastKnownFileType = sourcecode.swift; path = WorkoutPresenter.swift; sourceTree = "<group>"; };
		2376FD792475C31800998B5C /* WorkoutModel.swift */ = {isa = PBXFileReference; lastKnownFileType = sourcecode.swift; path = WorkoutModel.swift; sourceTree = "<group>"; };
		2386E5DA24756E7A007E3CE4 /* HomeTableViewCell.swift */ = {isa = PBXFileReference; lastKnownFileType = sourcecode.swift; path = HomeTableViewCell.swift; sourceTree = "<group>"; };
		2386E5DB24756E7A007E3CE4 /* HomeTableViewCell.xib */ = {isa = PBXFileReference; lastKnownFileType = file.xib; path = HomeTableViewCell.xib; sourceTree = "<group>"; };
		23AD108524745A0F00878782 /* MVPSportNote.app */ = {isa = PBXFileReference; explicitFileType = wrapper.application; includeInIndex = 0; path = MVPSportNote.app; sourceTree = BUILT_PRODUCTS_DIR; };
		23AD108824745A0F00878782 /* AppDelegate.swift */ = {isa = PBXFileReference; lastKnownFileType = sourcecode.swift; path = AppDelegate.swift; sourceTree = "<group>"; };
		23AD108A24745A0F00878782 /* SceneDelegate.swift */ = {isa = PBXFileReference; lastKnownFileType = sourcecode.swift; path = SceneDelegate.swift; sourceTree = "<group>"; };
		23AD108F24745A0F00878782 /* Base */ = {isa = PBXFileReference; lastKnownFileType = file.storyboard; name = Base; path = Base.lproj/Main.storyboard; sourceTree = "<group>"; };
		23AD109224745A0F00878782 /* MVPSportNote.xcdatamodel */ = {isa = PBXFileReference; lastKnownFileType = wrapper.xcdatamodel; path = MVPSportNote.xcdatamodel; sourceTree = "<group>"; };
		23AD109424745A1000878782 /* Assets.xcassets */ = {isa = PBXFileReference; lastKnownFileType = folder.assetcatalog; path = Assets.xcassets; sourceTree = "<group>"; };
		23AD109724745A1000878782 /* Base */ = {isa = PBXFileReference; lastKnownFileType = file.storyboard; name = Base; path = Base.lproj/LaunchScreen.storyboard; sourceTree = "<group>"; };
		23AD109924745A1000878782 /* Info.plist */ = {isa = PBXFileReference; lastKnownFileType = text.plist.xml; path = Info.plist; sourceTree = "<group>"; };
		23AD10A024745C1400878782 /* HomePresenter.swift */ = {isa = PBXFileReference; lastKnownFileType = sourcecode.swift; path = HomePresenter.swift; sourceTree = "<group>"; };
		23AD10A224745C2700878782 /* HomeViewController.swift */ = {isa = PBXFileReference; lastKnownFileType = sourcecode.swift; path = HomeViewController.swift; sourceTree = "<group>"; };
		23AD10A424745CAB00878782 /* HomeModel.swift */ = {isa = PBXFileReference; lastKnownFileType = sourcecode.swift; path = HomeModel.swift; sourceTree = "<group>"; };
		23E461E92476932F00340C5F /* WorkoutTableViewCell.swift */ = {isa = PBXFileReference; lastKnownFileType = sourcecode.swift; path = WorkoutTableViewCell.swift; sourceTree = "<group>"; };
		23E461EA2476932F00340C5F /* WorkoutTableViewCell.xib */ = {isa = PBXFileReference; lastKnownFileType = file.xib; path = WorkoutTableViewCell.xib; sourceTree = "<group>"; };
		23E461ED2476A13D00340C5F /* WorkoutHeaderTableViewCell.swift */ = {isa = PBXFileReference; lastKnownFileType = sourcecode.swift; path = WorkoutHeaderTableViewCell.swift; sourceTree = "<group>"; };
		23E461EE2476A13D00340C5F /* WorkoutHeaderTableViewCell.xib */ = {isa = PBXFileReference; lastKnownFileType = file.xib; path = WorkoutHeaderTableViewCell.xib; sourceTree = "<group>"; };
		23E461F22476E36400340C5F /* NewExerciseViewController.swift */ = {isa = PBXFileReference; lastKnownFileType = sourcecode.swift; path = NewExerciseViewController.swift; sourceTree = "<group>"; };
		23E461F42476E37A00340C5F /* NewExercisePresenter.swift */ = {isa = PBXFileReference; lastKnownFileType = sourcecode.swift; path = NewExercisePresenter.swift; sourceTree = "<group>"; };
		23E461F62476E38900340C5F /* NewExerciseModel.swift */ = {isa = PBXFileReference; lastKnownFileType = sourcecode.swift; path = NewExerciseModel.swift; sourceTree = "<group>"; };
		23E461F92476F63600340C5F /* NewUnitViewController.swift */ = {isa = PBXFileReference; lastKnownFileType = sourcecode.swift; path = NewUnitViewController.swift; sourceTree = "<group>"; };
		23E461FB2476F65000340C5F /* NewUnitPresenter.swift */ = {isa = PBXFileReference; lastKnownFileType = sourcecode.swift; path = NewUnitPresenter.swift; sourceTree = "<group>"; };
		23E461FD2476F66500340C5F /* NewUnitModel.swift */ = {isa = PBXFileReference; lastKnownFileType = sourcecode.swift; path = NewUnitModel.swift; sourceTree = "<group>"; };
/* End PBXFileReference section */

/* Begin PBXFrameworksBuildPhase section */
		23AD108224745A0F00878782 /* Frameworks */ = {
			isa = PBXFrameworksBuildPhase;
			buildActionMask = 2147483647;
			files = (
			);
			runOnlyForDeploymentPostprocessing = 0;
		};
/* End PBXFrameworksBuildPhase section */

/* Begin PBXGroup section */
		2376FD742475C29D00998B5C /* Workout */ = {
			isa = PBXGroup;
			children = (
				23E461E82476930A00340C5F /* Cell */,
				2376FD752475C2DE00998B5C /* WorkoutViewController.swift */,
				2376FD772475C2F500998B5C /* WorkoutPresenter.swift */,
				2376FD792475C31800998B5C /* WorkoutModel.swift */,
			);
			path = Workout;
			sourceTree = "<group>";
		};
		2386E5D924756E56007E3CE4 /* Cell */ = {
			isa = PBXGroup;
			children = (
				2386E5DA24756E7A007E3CE4 /* HomeTableViewCell.swift */,
				2386E5DB24756E7A007E3CE4 /* HomeTableViewCell.xib */,
			);
			path = Cell;
			sourceTree = "<group>";
		};
		23AD107C24745A0F00878782 = {
			isa = PBXGroup;
			children = (
				23AD108724745A0F00878782 /* MVPSportNote */,
				23AD108624745A0F00878782 /* Products */,
			);
			sourceTree = "<group>";
		};
		23AD108624745A0F00878782 /* Products */ = {
			isa = PBXGroup;
			children = (
				23AD108524745A0F00878782 /* MVPSportNote.app */,
			);
			name = Products;
			sourceTree = "<group>";
		};
		23AD108724745A0F00878782 /* MVPSportNote */ = {
			isa = PBXGroup;
			children = (
				23E461F82476F61E00340C5F /* NewUnit */,
				23E461F12476E33F00340C5F /* NewExercise */,
				2376FD742475C29D00998B5C /* Workout */,
				23AD109F24745BF500878782 /* Home */,
				23AD108824745A0F00878782 /* AppDelegate.swift */,
				23AD108A24745A0F00878782 /* SceneDelegate.swift */,
				23AD108E24745A0F00878782 /* Main.storyboard */,
				23AD109424745A1000878782 /* Assets.xcassets */,
				23AD109624745A1000878782 /* LaunchScreen.storyboard */,
				23AD109924745A1000878782 /* Info.plist */,
				23AD109124745A0F00878782 /* MVPSportNote.xcdatamodeld */,
			);
			path = MVPSportNote;
			sourceTree = "<group>";
		};
		23AD109F24745BF500878782 /* Home */ = {
			isa = PBXGroup;
			children = (
				2386E5D924756E56007E3CE4 /* Cell */,
				23AD10A024745C1400878782 /* HomePresenter.swift */,
				23AD10A224745C2700878782 /* HomeViewController.swift */,
				23AD10A424745CAB00878782 /* HomeModel.swift */,
			);
			path = Home;
			sourceTree = "<group>";
		};
		23E461E82476930A00340C5F /* Cell */ = {
			isa = PBXGroup;
			children = (
				23E461E92476932F00340C5F /* WorkoutTableViewCell.swift */,
				23E461EA2476932F00340C5F /* WorkoutTableViewCell.xib */,
				23E461ED2476A13D00340C5F /* WorkoutHeaderTableViewCell.swift */,
				23E461EE2476A13D00340C5F /* WorkoutHeaderTableViewCell.xib */,
			);
			path = Cell;
			sourceTree = "<group>";
		};
		23E461F12476E33F00340C5F /* NewExercise */ = {
			isa = PBXGroup;
			children = (
				23E461F22476E36400340C5F /* NewExerciseViewController.swift */,
				23E461F42476E37A00340C5F /* NewExercisePresenter.swift */,
				23E461F62476E38900340C5F /* NewExerciseModel.swift */,
			);
			path = NewExercise;
			sourceTree = "<group>";
		};
		23E461F82476F61E00340C5F /* NewUnit */ = {
			isa = PBXGroup;
			children = (
				23E461F92476F63600340C5F /* NewUnitViewController.swift */,
				23E461FB2476F65000340C5F /* NewUnitPresenter.swift */,
				23E461FD2476F66500340C5F /* NewUnitModel.swift */,
			);
			path = NewUnit;
			sourceTree = "<group>";
		};
/* End PBXGroup section */

/* Begin PBXNativeTarget section */
		23AD108424745A0F00878782 /* MVPSportNote */ = {
			isa = PBXNativeTarget;
			buildConfigurationList = 23AD109C24745A1000878782 /* Build configuration list for PBXNativeTarget "MVPSportNote" */;
			buildPhases = (
				23AD108124745A0F00878782 /* Sources */,
				23AD108224745A0F00878782 /* Frameworks */,
				23AD108324745A0F00878782 /* Resources */,
			);
			buildRules = (
			);
			dependencies = (
			);
			name = MVPSportNote;
			productName = MVPSportNote;
			productReference = 23AD108524745A0F00878782 /* MVPSportNote.app */;
			productType = "com.apple.product-type.application";
		};
/* End PBXNativeTarget section */

/* Begin PBXProject section */
		23AD107D24745A0F00878782 /* Project object */ = {
			isa = PBXProject;
			attributes = {
				LastSwiftUpdateCheck = 1130;
				LastUpgradeCheck = 1130;
				ORGANIZATIONNAME = "Andrew Penzenyk";
				TargetAttributes = {
					23AD108424745A0F00878782 = {
						CreatedOnToolsVersion = 11.3.1;
					};
				};
			};
			buildConfigurationList = 23AD108024745A0F00878782 /* Build configuration list for PBXProject "MVPSportNote" */;
			compatibilityVersion = "Xcode 9.3";
			developmentRegion = en;
			hasScannedForEncodings = 0;
			knownRegions = (
				en,
				Base,
			);
			mainGroup = 23AD107C24745A0F00878782;
			productRefGroup = 23AD108624745A0F00878782 /* Products */;
			projectDirPath = "";
			projectRoot = "";
			targets = (
				23AD108424745A0F00878782 /* MVPSportNote */,
			);
		};
/* End PBXProject section */

/* Begin PBXResourcesBuildPhase section */
		23AD108324745A0F00878782 /* Resources */ = {
			isa = PBXResourcesBuildPhase;
			buildActionMask = 2147483647;
			files = (
				23E461F02476A13D00340C5F /* WorkoutHeaderTableViewCell.xib in Resources */,
				23E461EC2476932F00340C5F /* WorkoutTableViewCell.xib in Resources */,
				23AD109824745A1000878782 /* LaunchScreen.storyboard in Resources */,
				23AD109524745A1000878782 /* Assets.xcassets in Resources */,
				2386E5DD24756E7A007E3CE4 /* HomeTableViewCell.xib in Resources */,
				23AD109024745A0F00878782 /* Main.storyboard in Resources */,
			);
			runOnlyForDeploymentPostprocessing = 0;
		};
/* End PBXResourcesBuildPhase section */

/* Begin PBXSourcesBuildPhase section */
		23AD108124745A0F00878782 /* Sources */ = {
			isa = PBXSourcesBuildPhase;
			buildActionMask = 2147483647;
			files = (
				23E461FE2476F66500340C5F /* NewUnitModel.swift in Sources */,
				2376FD762475C2DE00998B5C /* WorkoutViewController.swift in Sources */,
				2376FD7A2475C31800998B5C /* WorkoutModel.swift in Sources */,
				2376FD782475C2F500998B5C /* WorkoutPresenter.swift in Sources */,
				23AD108924745A0F00878782 /* AppDelegate.swift in Sources */,
				23E461FC2476F65000340C5F /* NewUnitPresenter.swift in Sources */,
				23E461EF2476A13D00340C5F /* WorkoutHeaderTableViewCell.swift in Sources */,
				23E461EB2476932F00340C5F /* WorkoutTableViewCell.swift in Sources */,
				23E461F72476E38900340C5F /* NewExerciseModel.swift in Sources */,
				23AD109324745A0F00878782 /* MVPSportNote.xcdatamodeld in Sources */,
				23E461F52476E37A00340C5F /* NewExercisePresenter.swift in Sources */,
				23E461F32476E36400340C5F /* NewExerciseViewController.swift in Sources */,
				23AD10A524745CAB00878782 /* HomeModel.swift in Sources */,
				23AD10A124745C1400878782 /* HomePresenter.swift in Sources */,
				23AD108B24745A0F00878782 /* SceneDelegate.swift in Sources */,
				2386E5DC24756E7A007E3CE4 /* HomeTableViewCell.swift in Sources */,
				23AD10A324745C2700878782 /* HomeViewController.swift in Sources */,
				23E461FA2476F63600340C5F /* NewUnitViewController.swift in Sources */,
			);
			runOnlyForDeploymentPostprocessing = 0;
		};
/* End PBXSourcesBuildPhase section */

/* Begin PBXVariantGroup section */
		23AD108E24745A0F00878782 /* Main.storyboard */ = {
			isa = PBXVariantGroup;
			children = (
				23AD108F24745A0F00878782 /* Base */,
			);
			name = Main.storyboard;
			sourceTree = "<group>";
		};
		23AD109624745A1000878782 /* LaunchScreen.storyboard */ = {
			isa = PBXVariantGroup;
			children = (
				23AD109724745A1000878782 /* Base */,
			);
			name = LaunchScreen.storyboard;
			sourceTree = "<group>";
		};
/* End PBXVariantGroup section */

/* Begin XCBuildConfiguration section */
		23AD109A24745A1000878782 /* Debug */ = {
			isa = XCBuildConfiguration;
			buildSettings = {
				ALWAYS_SEARCH_USER_PATHS = NO;
				CLANG_ANALYZER_NONNULL = YES;
				CLANG_ANALYZER_NUMBER_OBJECT_CONVERSION = YES_AGGRESSIVE;
				CLANG_CXX_LANGUAGE_STANDARD = "gnu++14";
				CLANG_CXX_LIBRARY = "libc++";
				CLANG_ENABLE_MODULES = YES;
				CLANG_ENABLE_OBJC_ARC = YES;
				CLANG_ENABLE_OBJC_WEAK = YES;
				CLANG_WARN_BLOCK_CAPTURE_AUTORELEASING = YES;
				CLANG_WARN_BOOL_CONVERSION = YES;
				CLANG_WARN_COMMA = YES;
				CLANG_WARN_CONSTANT_CONVERSION = YES;
				CLANG_WARN_DEPRECATED_OBJC_IMPLEMENTATIONS = YES;
				CLANG_WARN_DIRECT_OBJC_ISA_USAGE = YES_ERROR;
				CLANG_WARN_DOCUMENTATION_COMMENTS = YES;
				CLANG_WARN_EMPTY_BODY = YES;
				CLANG_WARN_ENUM_CONVERSION = YES;
				CLANG_WARN_INFINITE_RECURSION = YES;
				CLANG_WARN_INT_CONVERSION = YES;
				CLANG_WARN_NON_LITERAL_NULL_CONVERSION = YES;
				CLANG_WARN_OBJC_IMPLICIT_RETAIN_SELF = YES;
				CLANG_WARN_OBJC_LITERAL_CONVERSION = YES;
				CLANG_WARN_OBJC_ROOT_CLASS = YES_ERROR;
				CLANG_WARN_RANGE_LOOP_ANALYSIS = YES;
				CLANG_WARN_STRICT_PROTOTYPES = YES;
				CLANG_WARN_SUSPICIOUS_MOVE = YES;
				CLANG_WARN_UNGUARDED_AVAILABILITY = YES_AGGRESSIVE;
				CLANG_WARN_UNREACHABLE_CODE = YES;
				CLANG_WARN__DUPLICATE_METHOD_MATCH = YES;
				COPY_PHASE_STRIP = NO;
				DEBUG_INFORMATION_FORMAT = dwarf;
				ENABLE_STRICT_OBJC_MSGSEND = YES;
				ENABLE_TESTABILITY = YES;
				GCC_C_LANGUAGE_STANDARD = gnu11;
				GCC_DYNAMIC_NO_PIC = NO;
				GCC_NO_COMMON_BLOCKS = YES;
				GCC_OPTIMIZATION_LEVEL = 0;
				GCC_PREPROCESSOR_DEFINITIONS = (
					"DEBUG=1",
					"$(inherited)",
				);
				GCC_WARN_64_TO_32_BIT_CONVERSION = YES;
				GCC_WARN_ABOUT_RETURN_TYPE = YES_ERROR;
				GCC_WARN_UNDECLARED_SELECTOR = YES;
				GCC_WARN_UNINITIALIZED_AUTOS = YES_AGGRESSIVE;
				GCC_WARN_UNUSED_FUNCTION = YES;
				GCC_WARN_UNUSED_VARIABLE = YES;
				IPHONEOS_DEPLOYMENT_TARGET = 13.2;
				MTL_ENABLE_DEBUG_INFO = INCLUDE_SOURCE;
				MTL_FAST_MATH = YES;
				ONLY_ACTIVE_ARCH = YES;
				SDKROOT = iphoneos;
				SWIFT_ACTIVE_COMPILATION_CONDITIONS = DEBUG;
				SWIFT_OPTIMIZATION_LEVEL = "-Onone";
			};
			name = Debug;
		};
		23AD109B24745A1000878782 /* Release */ = {
			isa = XCBuildConfiguration;
			buildSettings = {
				ALWAYS_SEARCH_USER_PATHS = NO;
				CLANG_ANALYZER_NONNULL = YES;
				CLANG_ANALYZER_NUMBER_OBJECT_CONVERSION = YES_AGGRESSIVE;
				CLANG_CXX_LANGUAGE_STANDARD = "gnu++14";
				CLANG_CXX_LIBRARY = "libc++";
				CLANG_ENABLE_MODULES = YES;
				CLANG_ENABLE_OBJC_ARC = YES;
				CLANG_ENABLE_OBJC_WEAK = YES;
				CLANG_WARN_BLOCK_CAPTURE_AUTORELEASING = YES;
				CLANG_WARN_BOOL_CONVERSION = YES;
				CLANG_WARN_COMMA = YES;
				CLANG_WARN_CONSTANT_CONVERSION = YES;
				CLANG_WARN_DEPRECATED_OBJC_IMPLEMENTATIONS = YES;
				CLANG_WARN_DIRECT_OBJC_ISA_USAGE = YES_ERROR;
				CLANG_WARN_DOCUMENTATION_COMMENTS = YES;
				CLANG_WARN_EMPTY_BODY = YES;
				CLANG_WARN_ENUM_CONVERSION = YES;
				CLANG_WARN_INFINITE_RECURSION = YES;
				CLANG_WARN_INT_CONVERSION = YES;
				CLANG_WARN_NON_LITERAL_NULL_CONVERSION = YES;
				CLANG_WARN_OBJC_IMPLICIT_RETAIN_SELF = YES;
				CLANG_WARN_OBJC_LITERAL_CONVERSION = YES;
				CLANG_WARN_OBJC_ROOT_CLASS = YES_ERROR;
				CLANG_WARN_RANGE_LOOP_ANALYSIS = YES;
				CLANG_WARN_STRICT_PROTOTYPES = YES;
				CLANG_WARN_SUSPICIOUS_MOVE = YES;
				CLANG_WARN_UNGUARDED_AVAILABILITY = YES_AGGRESSIVE;
				CLANG_WARN_UNREACHABLE_CODE = YES;
				CLANG_WARN__DUPLICATE_METHOD_MATCH = YES;
				COPY_PHASE_STRIP = NO;
				DEBUG_INFORMATION_FORMAT = "dwarf-with-dsym";
				ENABLE_NS_ASSERTIONS = NO;
				ENABLE_STRICT_OBJC_MSGSEND = YES;
				GCC_C_LANGUAGE_STANDARD = gnu11;
				GCC_NO_COMMON_BLOCKS = YES;
				GCC_WARN_64_TO_32_BIT_CONVERSION = YES;
				GCC_WARN_ABOUT_RETURN_TYPE = YES_ERROR;
				GCC_WARN_UNDECLARED_SELECTOR = YES;
				GCC_WARN_UNINITIALIZED_AUTOS = YES_AGGRESSIVE;
				GCC_WARN_UNUSED_FUNCTION = YES;
				GCC_WARN_UNUSED_VARIABLE = YES;
				IPHONEOS_DEPLOYMENT_TARGET = 13.2;
				MTL_ENABLE_DEBUG_INFO = NO;
				MTL_FAST_MATH = YES;
				SDKROOT = iphoneos;
				SWIFT_COMPILATION_MODE = wholemodule;
				SWIFT_OPTIMIZATION_LEVEL = "-O";
				VALIDATE_PRODUCT = YES;
			};
			name = Release;
		};
		23AD109D24745A1000878782 /* Debug */ = {
			isa = XCBuildConfiguration;
			buildSettings = {
				ASSETCATALOG_COMPILER_APPICON_NAME = AppIcon;
				CODE_SIGN_STYLE = Automatic;
				INFOPLIST_FILE = MVPSportNote/Info.plist;
				LD_RUNPATH_SEARCH_PATHS = (
					"$(inherited)",
					"@executable_path/Frameworks",
				);
				PRODUCT_BUNDLE_IDENTIFIER = tapycha.MVPSportNote;
				PRODUCT_NAME = "$(TARGET_NAME)";
				SWIFT_VERSION = 5.0;
				TARGETED_DEVICE_FAMILY = 1;
			};
			name = Debug;
		};
		23AD109E24745A1000878782 /* Release */ = {
			isa = XCBuildConfiguration;
			buildSettings = {
				ASSETCATALOG_COMPILER_APPICON_NAME = AppIcon;
				CODE_SIGN_STYLE = Automatic;
				INFOPLIST_FILE = MVPSportNote/Info.plist;
				LD_RUNPATH_SEARCH_PATHS = (
					"$(inherited)",
					"@executable_path/Frameworks",
				);
				PRODUCT_BUNDLE_IDENTIFIER = tapycha.MVPSportNote;
				PRODUCT_NAME = "$(TARGET_NAME)";
				SWIFT_VERSION = 5.0;
				TARGETED_DEVICE_FAMILY = 1;
			};
			name = Release;
		};
/* End XCBuildConfiguration section */

/* Begin XCConfigurationList section */
		23AD108024745A0F00878782 /* Build configuration list for PBXProject "MVPSportNote" */ = {
			isa = XCConfigurationList;
			buildConfigurations = (
				23AD109A24745A1000878782 /* Debug */,
				23AD109B24745A1000878782 /* Release */,
			);
			defaultConfigurationIsVisible = 0;
			defaultConfigurationName = Release;
		};
		23AD109C24745A1000878782 /* Build configuration list for PBXNativeTarget "MVPSportNote" */ = {
			isa = XCConfigurationList;
			buildConfigurations = (
				23AD109D24745A1000878782 /* Debug */,
				23AD109E24745A1000878782 /* Release */,
			);
			defaultConfigurationIsVisible = 0;
			defaultConfigurationName = Release;
		};
/* End XCConfigurationList section */

/* Begin XCVersionGroup section */
		23AD109124745A0F00878782 /* MVPSportNote.xcdatamodeld */ = {
			isa = XCVersionGroup;
			children = (
				23AD109224745A0F00878782 /* MVPSportNote.xcdatamodel */,
			);
			currentVersion = 23AD109224745A0F00878782 /* MVPSportNote.xcdatamodel */;
			path = MVPSportNote.xcdatamodeld;
			sourceTree = "<group>";
			versionGroupType = wrapper.xcdatamodel;
		};
/* End XCVersionGroup section */
	};
	rootObject = 23AD107D24745A0F00878782 /* Project object */;
}
